schema: '2.0'
stages:
  data_ingestion:
    cmd: python src/components/data_ingestion.py
    deps:
    - path: params.yaml
      hash: md5
      md5: 28a4937690929d62804b254b2f347ef8
      size: 252
    - path: src/components/data_ingestion.py
      hash: md5
      md5: 11bce0289dcf6ab1e849df6fdcd02dd8
      size: 3095
    - path: src/utils/exception.py
      hash: md5
      md5: e51ea6e390cb354e4d906e901e028c0f
      size: 773
    - path: src/utils/logging.py
      hash: md5
      md5: 6c34fd303afe2e062a71837a80a6ab40
      size: 628
    - path: src/utils/utils.py
      hash: md5
      md5: cb0638633fb3ed9028d46e501da6cd11
      size: 4128
    params:
      params.yaml:
        data_ingestion.database_path: 
          J:/mlops_revisited/frieght_price_prediction/data/inventory.db
        data_ingestion.random_state: 42
        data_ingestion.tables:
        - vendor_invoice
        - purchase_prices
        - purchases
        - begin_inventory
        - end_inventory
        data_ingestion.test_size: 0.2
    outs:
    - path: data/raw
      hash: md5
      md5: 2332b891372555ea2740a0eeadb53d60.dir
      size: 59098161
      nfiles: 2
